
Microsoft Visual Studio Solution File, Format Version 12.00
# Visual Studio Version 17
VisualStudioVersion = 17.4.33205.214
MinimumVisualStudioVersion = 10.0.40219.1
Project("{9A19103F-16F7-4668-BE54-9A1E7A4F7556}") = "GAMeR", "GAMeR\GAMeR.csproj", "{65DF3DAB-4169-4180-9E8D-C30BA3E36532}"
EndProject
Project("{9A19103F-16F7-4668-BE54-9A1E7A4F7556}") = "SimpleEngine", "SimpleEngine\SimpleEngine.csproj", "{9513DBAD-54B0-4461-901B-1492F9F3A9E3}"
EndProject
Global
	GlobalSection(SolutionConfigurationPlatforms) = preSolution
		Debug|Any CPU = Debug|Any CPU
		Release|Any CPU = Release|Any CPU
	EndGlobalSection
	GlobalSection(ProjectConfigurationPlatforms) = postSolution
		{65DF3DAB-4169-4180-9E8D-C30BA3E36532}.Debug|Any CPU.ActiveCfg = Debug|Any CPU
		{65DF3DAB-4169-4180-9E8D-C30BA3E36532}.Debug|Any CPU.Build.0 = Debug|Any CPU
		{65DF3DAB-4169-4180-9E8D-C30BA3E36532}.Release|Any CPU.ActiveCfg = Release|Any CPU
		{65DF3DAB-4169-4180-9E8D-C30BA3E36532}.Release|Any CPU.Build.0 = Release|Any CPU
		{9513DBAD-54B0-4461-901B-1492F9F3A9E3}.Debug|Any CPU.ActiveCfg = Debug|Any CPU
		{9513DBAD-54B0-4461-901B-1492F9F3A9E3}.Debug|Any CPU.Build.0 = Debug|Any CPU
		{9513DBAD-54B0-4461-901B-1492F9F3A9E3}.Release|Any CPU.ActiveCfg = Release|Any CPU
		{9513DBAD-54B0-4461-901B-1492F9F3A9E3}.Release|Any CPU.Build.0 = Release|Any CPU
	EndGlobalSection
	GlobalSection(SolutionProperties) = preSolution
		HideSolutionNode = FALSE
	EndGlobalSection
	GlobalSection(ExtensibilityGlobals) = postSolution
		SolutionGuid = {8488C596-DCEE-4C66-B3B7-05139DA95D02}
	EndGlobalSection
EndGlobal
